
Microsoft Visual Studio Solution File, Format Version 12.00
# Visual Studio 15
VisualStudioVersion = 15.0.27428.2015
MinimumVisualStudioVersion = 10.0.40219.1
Project("{FAE04EC0-301F-11D3-BF4B-00C04F79EFBC}") = "TestAppForGitDeployment", "TestAppForGitDeployment\TestAppForGitDeployment.csproj", "{F3AE884C-F112-4448-A66F-5CEC338BB186}"
EndProject
Global
	GlobalSection(SolutionConfigurationPlatforms) = preSolution
		Debug|Any CPU = Debug|Any CPU
		Release|Any CPU = Release|Any CPU
	EndGlobalSection
	GlobalSection(ProjectConfigurationPlatforms) = postSolution
		{F3AE884C-F112-4448-A66F-5CEC338BB186}.Debug|Any CPU.ActiveCfg = Debug|Any CPU
		{F3AE884C-F112-4448-A66F-5CEC338BB186}.Debug|Any CPU.Build.0 = Debug|Any CPU
		{F3AE884C-F112-4448-A66F-5CEC338BB186}.Release|Any CPU.ActiveCfg = Release|Any CPU
		{F3AE884C-F112-4448-A66F-5CEC338BB186}.Release|Any CPU.Build.0 = Release|Any CPU
	EndGlobalSection
	GlobalSection(SolutionProperties) = preSolution
		HideSolutionNode = FALSE
	EndGlobalSection
	GlobalSection(ExtensibilityGlobals) = postSolution
		SolutionGuid = {3A8D1F63-8996-443C-B4AE-302EC18BE955}
	EndGlobalSection
EndGlobal
